
Microsoft Visual Studio Solution File, Format Version 12.00
# Visual Studio 15
VisualStudioVersion = 15.0.28307.572
MinimumVisualStudioVersion = 10.0.40219.1
Project("{FAE04EC0-301F-11D3-BF4B-00C04F79EFBC}") = "RBtn_Msg", "RBtn_Msg\RBtn_Msg.csproj", "{C7B18491-BD9F-4113-ABC4-A303046E3CAF}"
EndProject
Global
	GlobalSection(SolutionConfigurationPlatforms) = preSolution
		Debug|Any CPU = Debug|Any CPU
		Release|Any CPU = Release|Any CPU
	EndGlobalSection
	GlobalSection(ProjectConfigurationPlatforms) = postSolution
		{C7B18491-BD9F-4113-ABC4-A303046E3CAF}.Debug|Any CPU.ActiveCfg = Debug|Any CPU
		{C7B18491-BD9F-4113-ABC4-A303046E3CAF}.Debug|Any CPU.Build.0 = Debug|Any CPU
		{C7B18491-BD9F-4113-ABC4-A303046E3CAF}.Release|Any CPU.ActiveCfg = Release|Any CPU
		{C7B18491-BD9F-4113-ABC4-A303046E3CAF}.Release|Any CPU.Build.0 = Release|Any CPU
	EndGlobalSection
	GlobalSection(SolutionProperties) = preSolution
		HideSolutionNode = FALSE
	EndGlobalSection
	GlobalSection(ExtensibilityGlobals) = postSolution
		SolutionGuid = {82356553-EABE-4990-9F73-3786DCF7D0B5}
	EndGlobalSection
EndGlobal
